
Microsoft Visual Studio Solution File, Format Version 12.00
# Visual Studio Version 17
VisualStudioVersion = 17.0.31903.59
MinimumVisualStudioVersion = 10.0.40219.1
Project("{2150E333-8FDC-42A3-9474-1A3956D46DE8}") = "src", "src", "{827E0CD3-B72D-47B6-A68D-7590B98EB39B}"
EndProject
Project("{FAE04EC0-301F-11D3-BF4B-00C04F79EFBC}") = "Nadlan.Config.MySql", "src\Nadlan.Config.MySql\Nadlan.Config.MySql.csproj", "{E793D9A0-CAEA-414D-81B7-5F23168A33F8}"
EndProject
Project("{FAE04EC0-301F-11D3-BF4B-00C04F79EFBC}") = "Nadlan.Core", "src\Nadlan.Core\Nadlan.Core.csproj", "{878BDA08-8BAE-429E-9D6E-30CA43DA488F}"
EndProject
Project("{FAE04EC0-301F-11D3-BF4B-00C04F79EFBC}") = "Nadlan.Host", "src\Nadlan.Host\Nadlan.Host.csproj", "{2E0E57E8-0573-4A95-A606-5427BFE193B7}"
EndProject
Project("{FAE04EC0-301F-11D3-BF4B-00C04F79EFBC}") = "Nadlan.Import", "src\Nadlan.Import\Nadlan.Import.csproj", "{BD043ABE-6428-4556-9027-7AA69716FDC8}"
EndProject
Project("{FAE04EC0-301F-11D3-BF4B-00C04F79EFBC}") = "Nadlan.Persistence.MySql", "src\Nadlan.Persistence.MySql\Nadlan.Persistence.MySql.csproj", "{6093B38B-3E17-49CB-B739-133B3C1C0F93}"
EndProject
Project("{FAE04EC0-301F-11D3-BF4B-00C04F79EFBC}") = "Nadlan.Core.Tests", "tests\Nadlan.Core.Tests\Nadlan.Core.Tests.csproj", "{825B1D92-910E-4656-A505-DB4A3D514213}"
EndProject
Project("{FAE04EC0-301F-11D3-BF4B-00C04F79EFBC}") = "Nadlan.DbTool", "src\Nadlan.DbTool\Nadlan.DbTool.csproj", "{45925C75-8EC6-4EC8-9BE4-C87354691F74}"
EndProject
Project("{FAE04EC0-301F-11D3-BF4B-00C04F79EFBC}") = "Nadlan.Storage.S3", "src\Nadlan.Storage.S3\Nadlan.Storage.S3.csproj", "{D56DFEE3-ADBD-417A-826A-67B4B27557CE}"
EndProject
Global
	GlobalSection(SolutionConfigurationPlatforms) = preSolution
		Debug|Any CPU = Debug|Any CPU
		Debug|x64 = Debug|x64
		Debug|x86 = Debug|x86
		Release|Any CPU = Release|Any CPU
		Release|x64 = Release|x64
		Release|x86 = Release|x86
	EndGlobalSection
	GlobalSection(ProjectConfigurationPlatforms) = postSolution
		{E793D9A0-CAEA-414D-81B7-5F23168A33F8}.Debug|Any CPU.ActiveCfg = Debug|Any CPU
		{E793D9A0-CAEA-414D-81B7-5F23168A33F8}.Debug|Any CPU.Build.0 = Debug|Any CPU
		{E793D9A0-CAEA-414D-81B7-5F23168A33F8}.Debug|x64.ActiveCfg = Debug|Any CPU
		{E793D9A0-CAEA-414D-81B7-5F23168A33F8}.Debug|x64.Build.0 = Debug|Any CPU
		{E793D9A0-CAEA-414D-81B7-5F23168A33F8}.Debug|x86.ActiveCfg = Debug|Any CPU
		{E793D9A0-CAEA-414D-81B7-5F23168A33F8}.Debug|x86.Build.0 = Debug|Any CPU
		{E793D9A0-CAEA-414D-81B7-5F23168A33F8}.Release|Any CPU.ActiveCfg = Release|Any CPU
		{E793D9A0-CAEA-414D-81B7-5F23168A33F8}.Release|Any CPU.Build.0 = Release|Any CPU
		{E793D9A0-CAEA-414D-81B7-5F23168A33F8}.Release|x64.ActiveCfg = Release|Any CPU
		{E793D9A0-CAEA-414D-81B7-5F23168A33F8}.Release|x64.Build.0 = Release|Any CPU
		{E793D9A0-CAEA-414D-81B7-5F23168A33F8}.Release|x86.ActiveCfg = Release|Any CPU
		{E793D9A0-CAEA-414D-81B7-5F23168A33F8}.Release|x86.Build.0 = Release|Any CPU
		{878BDA08-8BAE-429E-9D6E-30CA43DA488F}.Debug|Any CPU.ActiveCfg = Debug|Any CPU
		{878BDA08-8BAE-429E-9D6E-30CA43DA488F}.Debug|Any CPU.Build.0 = Debug|Any CPU
		{878BDA08-8BAE-429E-9D6E-30CA43DA488F}.Debug|x64.ActiveCfg = Debug|Any CPU
		{878BDA08-8BAE-429E-9D6E-30CA43DA488F}.Debug|x64.Build.0 = Debug|Any CPU
		{878BDA08-8BAE-429E-9D6E-30CA43DA488F}.Debug|x86.ActiveCfg = Debug|Any CPU
		{878BDA08-8BAE-429E-9D6E-30CA43DA488F}.Debug|x86.Build.0 = Debug|Any CPU
		{878BDA08-8BAE-429E-9D6E-30CA43DA488F}.Release|Any CPU.ActiveCfg = Release|Any CPU
		{878BDA08-8BAE-429E-9D6E-30CA43DA488F}.Release|Any CPU.Build.0 = Release|Any CPU
		{878BDA08-8BAE-429E-9D6E-30CA43DA488F}.Release|x64.ActiveCfg = Release|Any CPU
		{878BDA08-8BAE-429E-9D6E-30CA43DA488F}.Release|x64.Build.0 = Release|Any CPU
		{878BDA08-8BAE-429E-9D6E-30CA43DA488F}.Release|x86.ActiveCfg = Release|Any CPU
		{878BDA08-8BAE-429E-9D6E-30CA43DA488F}.Release|x86.Build.0 = Release|Any CPU
		{2E0E57E8-0573-4A95-A606-5427BFE193B7}.Debug|Any CPU.ActiveCfg = Debug|Any CPU
		{2E0E57E8-0573-4A95-A606-5427BFE193B7}.Debug|Any CPU.Build.0 = Debug|Any CPU
		{2E0E57E8-0573-4A95-A606-5427BFE193B7}.Debug|x64.ActiveCfg = Debug|Any CPU
		{2E0E57E8-0573-4A95-A606-5427BFE193B7}.Debug|x64.Build.0 = Debug|Any CPU
		{2E0E57E8-0573-4A95-A606-5427BFE193B7}.Debug|x86.ActiveCfg = Debug|Any CPU
		{2E0E57E8-0573-4A95-A606-5427BFE193B7}.Debug|x86.Build.0 = Debug|Any CPU
		{2E0E57E8-0573-4A95-A606-5427BFE193B7}.Release|Any CPU.ActiveCfg = Release|Any CPU
		{2E0E57E8-0573-4A95-A606-5427BFE193B7}.Release|Any CPU.Build.0 = Release|Any CPU
		{2E0E57E8-0573-4A95-A606-5427BFE193B7}.Release|x64.ActiveCfg = Release|Any CPU
		{2E0E57E8-0573-4A95-A606-5427BFE193B7}.Release|x64.Build.0 = Release|Any CPU
		{2E0E57E8-0573-4A95-A606-5427BFE193B7}.Release|x86.ActiveCfg = Release|Any CPU
		{2E0E57E8-0573-4A95-A606-5427BFE193B7}.Release|x86.Build.0 = Release|Any CPU
		{BD043ABE-6428-4556-9027-7AA69716FDC8}.Debug|Any CPU.ActiveCfg = Debug|Any CPU
		{BD043ABE-6428-4556-9027-7AA69716FDC8}.Debug|Any CPU.Build.0 = Debug|Any CPU
		{BD043ABE-6428-4556-9027-7AA69716FDC8}.Debug|x64.ActiveCfg = Debug|Any CPU
		{BD043ABE-6428-4556-9027-7AA69716FDC8}.Debug|x64.Build.0 = Debug|Any CPU
		{BD043ABE-6428-4556-9027-7AA69716FDC8}.Debug|x86.ActiveCfg = Debug|Any CPU
		{BD043ABE-6428-4556-9027-7AA69716FDC8}.Debug|x86.Build.0 = Debug|Any CPU
		{BD043ABE-6428-4556-9027-7AA69716FDC8}.Release|Any CPU.ActiveCfg = Release|Any CPU
		{BD043ABE-6428-4556-9027-7AA69716FDC8}.Release|Any CPU.Build.0 = Release|Any CPU
		{BD043ABE-6428-4556-9027-7AA69716FDC8}.Release|x64.ActiveCfg = Release|Any CPU
		{BD043ABE-6428-4556-9027-7AA69716FDC8}.Release|x64.Build.0 = Release|Any CPU
		{BD043ABE-6428-4556-9027-7AA69716FDC8}.Release|x86.ActiveCfg = Release|Any CPU
		{BD043ABE-6428-4556-9027-7AA69716FDC8}.Release|x86.Build.0 = Release|Any CPU
		{6093B38B-3E17-49CB-B739-133B3C1C0F93}.Debug|Any CPU.ActiveCfg = Debug|Any CPU
		{6093B38B-3E17-49CB-B739-133B3C1C0F93}.Debug|Any CPU.Build.0 = Debug|Any CPU
		{6093B38B-3E17-49CB-B739-133B3C1C0F93}.Debug|x64.ActiveCfg = Debug|Any CPU
		{6093B38B-3E17-49CB-B739-133B3C1C0F93}.Debug|x64.Build.0 = Debug|Any CPU
		{6093B38B-3E17-49CB-B739-133B3C1C0F93}.Debug|x86.ActiveCfg = Debug|Any CPU
		{6093B38B-3E17-49CB-B739-133B3C1C0F93}.Debug|x86.Build.0 = Debug|Any CPU
		{6093B38B-3E17-49CB-B739-133B3C1C0F93}.Release|Any CPU.ActiveCfg = Release|Any CPU
		{6093B38B-3E17-49CB-B739-133B3C1C0F93}.Release|Any CPU.Build.0 = Release|Any CPU
		{6093B38B-3E17-49CB-B739-133B3C1C0F93}.Release|x64.ActiveCfg = Release|Any CPU
		{6093B38B-3E17-49CB-B739-133B3C1C0F93}.Release|x64.Build.0 = Release|Any CPU
		{6093B38B-3E17-49CB-B739-133B3C1C0F93}.Release|x86.ActiveCfg = Release|Any CPU
		{6093B38B-3E17-49CB-B739-133B3C1C0F93}.Release|x86.Build.0 = Release|Any CPU
		{825B1D92-910E-4656-A505-DB4A3D514213}.Debug|Any CPU.ActiveCfg = Debug|Any CPU
		{825B1D92-910E-4656-A505-DB4A3D514213}.Debug|Any CPU.Build.0 = Debug|Any CPU
		{825B1D92-910E-4656-A505-DB4A3D514213}.Debug|x64.ActiveCfg = Debug|Any CPU
		{825B1D92-910E-4656-A505-DB4A3D514213}.Debug|x64.Build.0 = Debug|Any CPU
		{825B1D92-910E-4656-A505-DB4A3D514213}.Debug|x86.ActiveCfg = Debug|Any CPU
		{825B1D92-910E-4656-A505-DB4A3D514213}.Debug|x86.Build.0 = Debug|Any CPU
		{825B1D92-910E-4656-A505-DB4A3D514213}.Release|Any CPU.ActiveCfg = Release|Any CPU
		{825B1D92-910E-4656-A505-DB4A3D514213}.Release|Any CPU.Build.0 = Release|Any CPU
		{825B1D92-910E-4656-A505-DB4A3D514213}.Release|x64.ActiveCfg = Release|Any CPU
		{825B1D92-910E-4656-A505-DB4A3D514213}.Release|x64.Build.0 = Release|Any CPU
		{825B1D92-910E-4656-A505-DB4A3D514213}.Release|x86.ActiveCfg = Release|Any CPU
		{825B1D92-910E-4656-A505-DB4A3D514213}.Release|x86.Build.0 = Release|Any CPU
		{45925C75-8EC6-4EC8-9BE4-C87354691F74}.Debug|Any CPU.ActiveCfg = Debug|Any CPU
		{45925C75-8EC6-4EC8-9BE4-C87354691F74}.Debug|Any CPU.Build.0 = Debug|Any CPU
		{45925C75-8EC6-4EC8-9BE4-C87354691F74}.Debug|x64.ActiveCfg = Debug|Any CPU
		{45925C75-8EC6-4EC8-9BE4-C87354691F74}.Debug|x64.Build.0 = Debug|Any CPU
		{45925C75-8EC6-4EC8-9BE4-C87354691F74}.Debug|x86.ActiveCfg = Debug|Any CPU
		{45925C75-8EC6-4EC8-9BE4-C87354691F74}.Debug|x86.Build.0 = Debug|Any CPU
		{45925C75-8EC6-4EC8-9BE4-C87354691F74}.Release|Any CPU.ActiveCfg = Release|Any CPU
		{45925C75-8EC6-4EC8-9BE4-C87354691F74}.Release|Any CPU.Build.0 = Release|Any CPU
		{45925C75-8EC6-4EC8-9BE4-C87354691F74}.Release|x64.ActiveCfg = Release|Any CPU
		{45925C75-8EC6-4EC8-9BE4-C87354691F74}.Release|x64.Build.0 = Release|Any CPU
		{45925C75-8EC6-4EC8-9BE4-C87354691F74}.Release|x86.ActiveCfg = Release|Any CPU
		{45925C75-8EC6-4EC8-9BE4-C87354691F74}.Release|x86.Build.0 = Release|Any CPU
		{D56DFEE3-ADBD-417A-826A-67B4B27557CE}.Debug|Any CPU.ActiveCfg = Debug|Any CPU
		{D56DFEE3-ADBD-417A-826A-67B4B27557CE}.Debug|Any CPU.Build.0 = Debug|Any CPU
		{D56DFEE3-ADBD-417A-826A-67B4B27557CE}.Debug|x64.ActiveCfg = Debug|Any CPU
		{D56DFEE3-ADBD-417A-826A-67B4B27557CE}.Debug|x64.Build.0 = Debug|Any CPU
		{D56DFEE3-ADBD-417A-826A-67B4B27557CE}.Debug|x86.ActiveCfg = Debug|Any CPU
		{D56DFEE3-ADBD-417A-826A-67B4B27557CE}.Debug|x86.Build.0 = Debug|Any CPU
		{D56DFEE3-ADBD-417A-826A-67B4B27557CE}.Release|Any CPU.ActiveCfg = Release|Any CPU
		{D56DFEE3-ADBD-417A-826A-67B4B27557CE}.Release|Any CPU.Build.0 = Release|Any CPU
		{D56DFEE3-ADBD-417A-826A-67B4B27557CE}.Release|x64.ActiveCfg = Release|Any CPU
		{D56DFEE3-ADBD-417A-826A-67B4B27557CE}.Release|x64.Build.0 = Release|Any CPU
		{D56DFEE3-ADBD-417A-826A-67B4B27557CE}.Release|x86.ActiveCfg = Release|Any CPU
		{D56DFEE3-ADBD-417A-826A-67B4B27557CE}.Release|x86.Build.0 = Release|Any CPU
	EndGlobalSection
	GlobalSection(SolutionProperties) = preSolution
		HideSolutionNode = FALSE
	EndGlobalSection
	GlobalSection(NestedProjects) = preSolution
		{E793D9A0-CAEA-414D-81B7-5F23168A33F8} = {827E0CD3-B72D-47B6-A68D-7590B98EB39B}
		{878BDA08-8BAE-429E-9D6E-30CA43DA488F} = {827E0CD3-B72D-47B6-A68D-7590B98EB39B}
		{2E0E57E8-0573-4A95-A606-5427BFE193B7} = {827E0CD3-B72D-47B6-A68D-7590B98EB39B}
		{BD043ABE-6428-4556-9027-7AA69716FDC8} = {827E0CD3-B72D-47B6-A68D-7590B98EB39B}
		{6093B38B-3E17-49CB-B739-133B3C1C0F93} = {827E0CD3-B72D-47B6-A68D-7590B98EB39B}
		{825B1D92-910E-4656-A505-DB4A3D514213} = {827E0CD3-B72D-47B6-A68D-7590B98EB39B}
		{45925C75-8EC6-4EC8-9BE4-C87354691F74} = {827E0CD3-B72D-47B6-A68D-7590B98EB39B}
		{D56DFEE3-ADBD-417A-826A-67B4B27557CE} = {827E0CD3-B72D-47B6-A68D-7590B98EB39B}
	EndGlobalSection
EndGlobal
